
Microsoft Visual Studio Solution File, Format Version 12.00
Project("{2150E333-8FDC-42A3-9474-1A3956D46DE8}") = "src", "src", "{53FFCA3E-3767-48C4-9ADA-2CBFB812E3E3}"
EndProject
Project("{FAE04EC0-301F-11D3-BF4B-00C04F79EFBC}") = "Resumes.Domain", "src\Resumes.Domain\Resumes.Domain.csproj", "{6A0905DA-3AA5-4815-88C9-5876205CEA5A}"
EndProject
Project("{2150E333-8FDC-42A3-9474-1A3956D46DE8}") = "tests", "tests", "{7ABF635B-42FD-4D09-A3D5-F818996BFA79}"
EndProject
Project("{FAE04EC0-301F-11D3-BF4B-00C04F79EFBC}") = "Resumes.Domain.Tests", "tests\Resumes.Domain.Tests\Resumes.Domain.Tests.csproj", "{816F9702-7502-4884-9981-7ED4E4BEA2A5}"
EndProject
Global
	GlobalSection(SolutionConfigurationPlatforms) = preSolution
		Debug|Any CPU = Debug|Any CPU
		Release|Any CPU = Release|Any CPU
	EndGlobalSection
	GlobalSection(NestedProjects) = preSolution
		{6A0905DA-3AA5-4815-88C9-5876205CEA5A} = {53FFCA3E-3767-48C4-9ADA-2CBFB812E3E3}
		{816F9702-7502-4884-9981-7ED4E4BEA2A5} = {7ABF635B-42FD-4D09-A3D5-F818996BFA79}
	EndGlobalSection
	GlobalSection(ProjectConfigurationPlatforms) = postSolution
		{6A0905DA-3AA5-4815-88C9-5876205CEA5A}.Debug|Any CPU.ActiveCfg = Debug|Any CPU
		{6A0905DA-3AA5-4815-88C9-5876205CEA5A}.Debug|Any CPU.Build.0 = Debug|Any CPU
		{6A0905DA-3AA5-4815-88C9-5876205CEA5A}.Release|Any CPU.ActiveCfg = Release|Any CPU
		{6A0905DA-3AA5-4815-88C9-5876205CEA5A}.Release|Any CPU.Build.0 = Release|Any CPU
		{816F9702-7502-4884-9981-7ED4E4BEA2A5}.Debug|Any CPU.ActiveCfg = Debug|Any CPU
		{816F9702-7502-4884-9981-7ED4E4BEA2A5}.Debug|Any CPU.Build.0 = Debug|Any CPU
		{816F9702-7502-4884-9981-7ED4E4BEA2A5}.Release|Any CPU.ActiveCfg = Release|Any CPU
		{816F9702-7502-4884-9981-7ED4E4BEA2A5}.Release|Any CPU.Build.0 = Release|Any CPU
	EndGlobalSection
EndGlobal
